
Microsoft Visual Studio Solution File, Format Version 12.00
# Visual Studio Version 18
VisualStudioVersion = 18.1.11312.151 d18.0
MinimumVisualStudioVersion = 10.0.40219.1
Project("{FAE04EC0-301F-11D3-BF4B-00C04F79EFBC}") = "Backend.Api", "Backend.Api.csproj", "{6CF02386-9459-48DD-9D9F-57C134C7595D}"
EndProject
Project("{FAE04EC0-301F-11D3-BF4B-00C04F79EFBC}") = "BackendTest", "..\BackendTest\BackendTest.csproj", "{BADB40D0-50C4-4F9C-9AF9-F929E246A0EE}"
EndProject
Global
	GlobalSection(SolutionConfigurationPlatforms) = preSolution
		Debug|Any CPU = Debug|Any CPU
		Release|Any CPU = Release|Any CPU
	EndGlobalSection
	GlobalSection(ProjectConfigurationPlatforms) = postSolution
		{6CF02386-9459-48DD-9D9F-57C134C7595D}.Debug|Any CPU.ActiveCfg = Debug|Any CPU
		{6CF02386-9459-48DD-9D9F-57C134C7595D}.Debug|Any CPU.Build.0 = Debug|Any CPU
		{6CF02386-9459-48DD-9D9F-57C134C7595D}.Release|Any CPU.ActiveCfg = Release|Any CPU
		{6CF02386-9459-48DD-9D9F-57C134C7595D}.Release|Any CPU.Build.0 = Release|Any CPU
		{BADB40D0-50C4-4F9C-9AF9-F929E246A0EE}.Debug|Any CPU.ActiveCfg = Debug|Any CPU
		{BADB40D0-50C4-4F9C-9AF9-F929E246A0EE}.Debug|Any CPU.Build.0 = Debug|Any CPU
		{BADB40D0-50C4-4F9C-9AF9-F929E246A0EE}.Release|Any CPU.ActiveCfg = Release|Any CPU
		{BADB40D0-50C4-4F9C-9AF9-F929E246A0EE}.Release|Any CPU.Build.0 = Release|Any CPU
	EndGlobalSection
	GlobalSection(SolutionProperties) = preSolution
		HideSolutionNode = FALSE
	EndGlobalSection
	GlobalSection(ExtensibilityGlobals) = postSolution
		SolutionGuid = {A45B1298-596D-45B3-8684-16F996847608}
	EndGlobalSection
EndGlobal
